
Microsoft Visual Studio Solution File, Format Version 12.00
Project("{FAE04EC0-301F-11D3-BF4B-00C04F79EFBC}") = "Homework_Singleton", "Homework_Singleton\Homework_Singleton.csproj", "{9005BB1A-85FC-4048-A40E-D7F268FB667E}"
EndProject
Global
	GlobalSection(SolutionConfigurationPlatforms) = preSolution
		Debug|Any CPU = Debug|Any CPU
		Release|Any CPU = Release|Any CPU
	EndGlobalSection
	GlobalSection(ProjectConfigurationPlatforms) = postSolution
		{9005BB1A-85FC-4048-A40E-D7F268FB667E}.Debug|Any CPU.ActiveCfg = Debug|Any CPU
		{9005BB1A-85FC-4048-A40E-D7F268FB667E}.Debug|Any CPU.Build.0 = Debug|Any CPU
		{9005BB1A-85FC-4048-A40E-D7F268FB667E}.Release|Any CPU.ActiveCfg = Release|Any CPU
		{9005BB1A-85FC-4048-A40E-D7F268FB667E}.Release|Any CPU.Build.0 = Release|Any CPU
	EndGlobalSection
EndGlobal
